
Microsoft Visual Studio Solution File, Format Version 9.00
# Visual C++ Express 2005
Project("{8BC9CEB8-8B4A-11D0-8D11-00A0C91BC942}") = "object", "object.vcproj", "{3AC5B4CA-09B5-495E-9627-05243A929D55}"
EndProject
Global
	GlobalSection(SolutionConfigurationPlatforms) = preSolution
		Debug|Win32 = Debug|Win32
		Release|Win32 = Release|Win32
	EndGlobalSection
	GlobalSection(ProjectConfigurationPlatforms) = postSolution
		{3AC5B4CA-09B5-495E-9627-05243A929D55}.Debug|Win32.ActiveCfg = Debug|Win32
		{3AC5B4CA-09B5-495E-9627-05243A929D55}.Debug|Win32.Build.0 = Debug|Win32
		{3AC5B4CA-09B5-495E-9627-05243A929D55}.Release|Win32.ActiveCfg = Release|Win32
		{3AC5B4CA-09B5-495E-9627-05243A929D55}.Release|Win32.Build.0 = Release|Win32
	EndGlobalSection
	GlobalSection(SolutionProperties) = preSolution
		HideSolutionNode = FALSE
	EndGlobalSection
EndGlobal
